# This file is automatically @generated by Cargo.
# It is not intended for manual editing.
version = 3

[[package]]
name = "cc"
version = "1.1.7"
source = "registry+https://github.com/rust-lang/crates.io-index"
checksum = "26a5c3fd7bfa1ce3897a3a3501d362b2d87b7f2583ebcb4a949ec25911025cbc"

[[package]]
name = "pkt"
version = "0.1.0"

[[package]]
name = "tap"
version = "0.1.0"
dependencies = [
 "pkt",
 "tun-tap",
]

[[package]]
name = "tun-tap"
version = "0.1.4"
source = "registry+https://github.com/rust-lang/crates.io-index"
checksum = "9a477a4e9367c72ac875d23cd07ac99ffa932497d8428767fed0cfa27bbabe50"
dependencies = [
 "cc",
]
